// !$*UTF8*$!
{
	archiveVersion = 1;
	classes = {
	};
	objectVersion = 51;
	objects = {

/* Begin PBXBuildFile section */
		1D3D27782597AE34009381D9 /* AppDelegate.swift in Sources */ = {isa = PBXBuildFile; fileRef = 1D3D27772597AE34009381D9 /* AppDelegate.swift */; };
		1D3D277A2597AE34009381D9 /* SceneDelegate.swift in Sources */ = {isa = PBXBuildFile; fileRef = 1D3D27792597AE34009381D9 /* SceneDelegate.swift */; };
		1D3D277F2597AE34009381D9 /* Main.storyboard in Resources */ = {isa = PBXBuildFile; fileRef = 1D3D277D2597AE34009381D9 /* Main.storyboard */; };
		1D3D27812597AE37009381D9 /* Assets.xcassets in Resources */ = {isa = PBXBuildFile; fileRef = 1D3D27802597AE37009381D9 /* Assets.xcassets */; };
		1D3D27842597AE37009381D9 /* LaunchScreen.storyboard in Resources */ = {isa = PBXBuildFile; fileRef = 1D3D27822597AE37009381D9 /* LaunchScreen.storyboard */; };
		1D3D278D2597B43A009381D9 /* RechercheViewController.swift in Sources */ = {isa = PBXBuildFile; fileRef = 1D3D278C2597B43A009381D9 /* RechercheViewController.swift */; };
		1D3D27902597B44E009381D9 /* FavoriteViewController.swift in Sources */ = {isa = PBXBuildFile; fileRef = 1D3D278F2597B44E009381D9 /* FavoriteViewController.swift */; };
		1D3D27932597B46D009381D9 /* AjouterViewController.swift in Sources */ = {isa = PBXBuildFile; fileRef = 1D3D27922597B46D009381D9 /* AjouterViewController.swift */; };
		1D3D27962597B47F009381D9 /* CompteViewController.swift in Sources */ = {isa = PBXBuildFile; fileRef = 1D3D27952597B47F009381D9 /* CompteViewController.swift */; };
		1D3D279D2597CFD3009381D9 /* TabBarViewController.swift in Sources */ = {isa = PBXBuildFile; fileRef = 1D3D279C2597CFD3009381D9 /* TabBarViewController.swift */; };
		1D979EF125987F4900A00CBE /* GoogleService-Info.plist in Resources */ = {isa = PBXBuildFile; fileRef = 1D979EF025987F4900A00CBE /* GoogleService-Info.plist */; };
		F65F1857846AB4C768BDD381 /* Pods_Auto_dz.framework in Frameworks */ = {isa = PBXBuildFile; fileRef = 3558E0402B40FC2B25CD3E8A /* Pods_Auto_dz.framework */; };
/* End PBXBuildFile section */

/* Begin PBXFileReference section */
		1D3D27742597AE34009381D9 /* Auto dz.app */ = {isa = PBXFileReference; explicitFileType = wrapper.application; includeInIndex = 0; path = "Auto dz.app"; sourceTree = BUILT_PRODUCTS_DIR; };
		1D3D27772597AE34009381D9 /* AppDelegate.swift */ = {isa = PBXFileReference; lastKnownFileType = sourcecode.swift; path = AppDelegate.swift; sourceTree = "<group>"; };
		1D3D27792597AE34009381D9 /* SceneDelegate.swift */ = {isa = PBXFileReference; lastKnownFileType = sourcecode.swift; path = SceneDelegate.swift; sourceTree = "<group>"; };
		1D3D277E2597AE34009381D9 /* Base */ = {isa = PBXFileReference; lastKnownFileType = file.storyboard; name = Base; path = Base.lproj/Main.storyboard; sourceTree = "<group>"; };
		1D3D27802597AE37009381D9 /* Assets.xcassets */ = {isa = PBXFileReference; lastKnownFileType = folder.assetcatalog; path = Assets.xcassets; sourceTree = "<group>"; };
		1D3D27832597AE37009381D9 /* Base */ = {isa = PBXFileReference; lastKnownFileType = file.storyboard; name = Base; path = Base.lproj/LaunchScreen.storyboard; sourceTree = "<group>"; };
		1D3D27852597AE37009381D9 /* Info.plist */ = {isa = PBXFileReference; lastKnownFileType = text.plist.xml; path = Info.plist; sourceTree = "<group>"; };
		1D3D278C2597B43A009381D9 /* RechercheViewController.swift */ = {isa = PBXFileReference; lastKnownFileType = sourcecode.swift; path = RechercheViewController.swift; sourceTree = "<group>"; };
		1D3D278F2597B44E009381D9 /* FavoriteViewController.swift */ = {isa = PBXFileReference; lastKnownFileType = sourcecode.swift; path = FavoriteViewController.swift; sourceTree = "<group>"; };
		1D3D27922597B46D009381D9 /* AjouterViewController.swift */ = {isa = PBXFileReference; lastKnownFileType = sourcecode.swift; path = AjouterViewController.swift; sourceTree = "<group>"; };
		1D3D27952597B47F009381D9 /* CompteViewController.swift */ = {isa = PBXFileReference; lastKnownFileType = sourcecode.swift; path = CompteViewController.swift; sourceTree = "<group>"; };
		1D3D279C2597CFD3009381D9 /* TabBarViewController.swift */ = {isa = PBXFileReference; lastKnownFileType = sourcecode.swift; path = TabBarViewController.swift; sourceTree = "<group>"; };
		1D979EF025987F4900A00CBE /* GoogleService-Info.plist */ = {isa = PBXFileReference; fileEncoding = 4; lastKnownFileType = text.plist.xml; path = "GoogleService-Info.plist"; sourceTree = "<group>"; };
		33F5BE4C3AF4DF33C5E88ABB /* Pods-Auto dz.release.xcconfig */ = {isa = PBXFileReference; includeInIndex = 1; lastKnownFileType = text.xcconfig; name = "Pods-Auto dz.release.xcconfig"; path = "Target Support Files/Pods-Auto dz/Pods-Auto dz.release.xcconfig"; sourceTree = "<group>"; };
		3558E0402B40FC2B25CD3E8A /* Pods_Auto_dz.framework */ = {isa = PBXFileReference; explicitFileType = wrapper.framework; includeInIndex = 0; path = Pods_Auto_dz.framework; sourceTree = BUILT_PRODUCTS_DIR; };
		98ECD19AED23EC3B31BB0760 /* Pods-Auto dz.debug.xcconfig */ = {isa = PBXFileReference; includeInIndex = 1; lastKnownFileType = text.xcconfig; name = "Pods-Auto dz.debug.xcconfig"; path = "Target Support Files/Pods-Auto dz/Pods-Auto dz.debug.xcconfig"; sourceTree = "<group>"; };
/* End PBXFileReference section */

/* Begin PBXFrameworksBuildPhase section */
		1D3D27712597AE34009381D9 /* Frameworks */ = {
			isa = PBXFrameworksBuildPhase;
			buildActionMask = 2147483647;
			files = (
				F65F1857846AB4C768BDD381 /* Pods_Auto_dz.framework in Frameworks */,
			);
			runOnlyForDeploymentPostprocessing = 0;
		};
/* End PBXFrameworksBuildPhase section */

/* Begin PBXGroup section */
		1D3D276B2597AE34009381D9 = {
			isa = PBXGroup;
			children = (
				1D3D27762597AE34009381D9 /* Auto dz */,
				1D3D27752597AE34009381D9 /* Products */,
				892D35894D83379D2A40806A /* Pods */,
				841D44BEAC1A4983202D54DD /* Frameworks */,
			);
			sourceTree = "<group>";
		};
		1D3D27752597AE34009381D9 /* Products */ = {
			isa = PBXGroup;
			children = (
				1D3D27742597AE34009381D9 /* Auto dz.app */,
			);
			name = Products;
			sourceTree = "<group>";
		};
		1D3D27762597AE34009381D9 /* Auto dz */ = {
			isa = PBXGroup;
			children = (
				1D3D27772597AE34009381D9 /* AppDelegate.swift */,
				1D3D27792597AE34009381D9 /* SceneDelegate.swift */,
				1D3D277D2597AE34009381D9 /* Main.storyboard */,
				1D3D279C2597CFD3009381D9 /* TabBarViewController.swift */,
				1D3D27982597B487009381D9 /* View controllers */,
				1D3D27802597AE37009381D9 /* Assets.xcassets */,
				1D3D27822597AE37009381D9 /* LaunchScreen.storyboard */,
				1D3D27852597AE37009381D9 /* Info.plist */,
				1D979EF025987F4900A00CBE /* GoogleService-Info.plist */,
			);
			path = "Auto dz";
			sourceTree = "<group>";
		};
		1D3D27982597B487009381D9 /* View controllers */ = {
			isa = PBXGroup;
			children = (
				1D3D27952597B47F009381D9 /* CompteViewController.swift */,
				1D3D27922597B46D009381D9 /* AjouterViewController.swift */,
				1D3D278F2597B44E009381D9 /* FavoriteViewController.swift */,
				1D3D278C2597B43A009381D9 /* RechercheViewController.swift */,
			);
			path = "View controllers";
			sourceTree = "<group>";
		};
		841D44BEAC1A4983202D54DD /* Frameworks */ = {
			isa = PBXGroup;
			children = (
				3558E0402B40FC2B25CD3E8A /* Pods_Auto_dz.framework */,
			);
			name = Frameworks;
			sourceTree = "<group>";
		};
		892D35894D83379D2A40806A /* Pods */ = {
			isa = PBXGroup;
			children = (
				98ECD19AED23EC3B31BB0760 /* Pods-Auto dz.debug.xcconfig */,
				33F5BE4C3AF4DF33C5E88ABB /* Pods-Auto dz.release.xcconfig */,
			);
			path = Pods;
			sourceTree = "<group>";
		};
/* End PBXGroup section */

/* Begin PBXNativeTarget section */
		1D3D27732597AE34009381D9 /* Auto dz */ = {
			isa = PBXNativeTarget;
			buildConfigurationList = 1D3D27882597AE37009381D9 /* Build configuration list for PBXNativeTarget "Auto dz" */;
			buildPhases = (
				33B84AEABE4505C26498057B /* [CP] Check Pods Manifest.lock */,
				1D3D27702597AE34009381D9 /* Sources */,
				1D3D27712597AE34009381D9 /* Frameworks */,
				1D3D27722597AE34009381D9 /* Resources */,
				5BA97DC2DAD8671AA764E6E3 /* [CP] Embed Pods Frameworks */,
			);
			buildRules = (
			);
			dependencies = (
			);
			name = "Auto dz";
			productName = "Auto dz";
			productReference = 1D3D27742597AE34009381D9 /* Auto dz.app */;
			productType = "com.apple.product-type.application";
		};
/* End PBXNativeTarget section */

/* Begin PBXProject section */
		1D3D276C2597AE34009381D9 /* Project object */ = {
			isa = PBXProject;
			attributes = {
				LastSwiftUpdateCheck = 1230;
				LastUpgradeCheck = 1230;
				TargetAttributes = {
					1D3D27732597AE34009381D9 = {
						CreatedOnToolsVersion = 12.3;
					};
				};
			};
			buildConfigurationList = 1D3D276F2597AE34009381D9 /* Build configuration list for PBXProject "Auto dz" */;
			compatibilityVersion = "Xcode 9.3";
			developmentRegion = en;
			hasScannedForEncodings = 0;
			knownRegions = (
				en,
				Base,
			);
			mainGroup = 1D3D276B2597AE34009381D9;
			productRefGroup = 1D3D27752597AE34009381D9 /* Products */;
			projectDirPath = "";
			projectRoot = "";
			targets = (
				1D3D27732597AE34009381D9 /* Auto dz */,
			);
		};
/* End PBXProject section */

/* Begin PBXResourcesBuildPhase section */
		1D3D27722597AE34009381D9 /* Resources */ = {
			isa = PBXResourcesBuildPhase;
			buildActionMask = 2147483647;
			files = (
				1D3D27842597AE37009381D9 /* LaunchScreen.storyboard in Resources */,
				1D979EF125987F4900A00CBE /* GoogleService-Info.plist in Resources */,
				1D3D27812597AE37009381D9 /* Assets.xcassets in Resources */,
				1D3D277F2597AE34009381D9 /* Main.storyboard in Resources */,
			);
			runOnlyForDeploymentPostprocessing = 0;
		};
/* End PBXResourcesBuildPhase section */

/* Begin PBXShellScriptBuildPhase section */
		33B84AEABE4505C26498057B /* [CP] Check Pods Manifest.lock */ = {
			isa = PBXShellScriptBuildPhase;
			buildActionMask = 2147483647;
			files = (
			);
			inputFileListPaths = (
			);
			inputPaths = (
				"${PODS_PODFILE_DIR_PATH}/Podfile.lock",
				"${PODS_ROOT}/Manifest.lock",
			);
			name = "[CP] Check Pods Manifest.lock";
			outputFileListPaths = (
			);
			outputPaths = (
				"$(DERIVED_FILE_DIR)/Pods-Auto dz-checkManifestLockResult.txt",
			);
			runOnlyForDeploymentPostprocessing = 0;
			shellPath = /bin/sh;
			shellScript = "diff \"${PODS_PODFILE_DIR_PATH}/Podfile.lock\" \"${PODS_ROOT}/Manifest.lock\" > /dev/null\nif [ $? != 0 ] ; then\n    # print error to STDERR\n    echo \"error: The sandbox is not in sync with the Podfile.lock. Run 'pod install' or update your CocoaPods installation.\" >&2\n    exit 1\nfi\n# This output is used by Xcode 'outputs' to avoid re-running this script phase.\necho \"SUCCESS\" > \"${SCRIPT_OUTPUT_FILE_0}\"\n";
			showEnvVarsInLog = 0;
		};
		5BA97DC2DAD8671AA764E6E3 /* [CP] Embed Pods Frameworks */ = {
			isa = PBXShellScriptBuildPhase;
			buildActionMask = 2147483647;
			files = (
			);
			inputFileListPaths = (
				"${PODS_ROOT}/Target Support Files/Pods-Auto dz/Pods-Auto dz-frameworks-${CONFIGURATION}-input-files.xcfilelist",
			);
			name = "[CP] Embed Pods Frameworks";
			outputFileListPaths = (
				"${PODS_ROOT}/Target Support Files/Pods-Auto dz/Pods-Auto dz-frameworks-${CONFIGURATION}-output-files.xcfilelist",
			);
			runOnlyForDeploymentPostprocessing = 0;
			shellPath = /bin/sh;
			shellScript = "\"${PODS_ROOT}/Target Support Files/Pods-Auto dz/Pods-Auto dz-frameworks.sh\"\n";
			showEnvVarsInLog = 0;
		};
/* End PBXShellScriptBuildPhase section */

/* Begin PBXSourcesBuildPhase section */
		1D3D27702597AE34009381D9 /* Sources */ = {
			isa = PBXSourcesBuildPhase;
			buildActionMask = 2147483647;
			files = (
				1D3D278D2597B43A009381D9 /* RechercheViewController.swift in Sources */,
				1D3D27962597B47F009381D9 /* CompteViewController.swift in Sources */,
				1D3D27782597AE34009381D9 /* AppDelegate.swift in Sources */,
				1D3D277A2597AE34009381D9 /* SceneDelegate.swift in Sources */,
				1D3D279D2597CFD3009381D9 /* TabBarViewController.swift in Sources */,
				1D3D27902597B44E009381D9 /* FavoriteViewController.swift in Sources */,
				1D3D27932597B46D009381D9 /* AjouterViewController.swift in Sources */,
			);
			runOnlyForDeploymentPostprocessing = 0;
		};
/* End PBXSourcesBuildPhase section */

/* Begin PBXVariantGroup section */
		1D3D277D2597AE34009381D9 /* Main.storyboard */ = {
			isa = PBXVariantGroup;
			children = (
				1D3D277E2597AE34009381D9 /* Base */,
			);
			name = Main.storyboard;
			sourceTree = "<group>";
		};
		1D3D27822597AE37009381D9 /* LaunchScreen.storyboard */ = {
			isa = PBXVariantGroup;
			children = (
				1D3D27832597AE37009381D9 /* Base */,
			);
			name = LaunchScreen.storyboard;
			sourceTree = "<group>";
		};
/* End PBXVariantGroup section */

/* Begin XCBuildConfiguration section */
		1D3D27862597AE37009381D9 /* Debug */ = {
			isa = XCBuildConfiguration;
			buildSettings = {
				ALWAYS_SEARCH_USER_PATHS = NO;
				CLANG_ANALYZER_NONNULL = YES;
				CLANG_ANALYZER_NUMBER_OBJECT_CONVERSION = YES_AGGRESSIVE;
				CLANG_CXX_LANGUAGE_STANDARD = "gnu++14";
				CLANG_CXX_LIBRARY = "libc++";
				CLANG_ENABLE_MODULES = YES;
				CLANG_ENABLE_OBJC_ARC = YES;
				CLANG_ENABLE_OBJC_WEAK = YES;
				CLANG_WARN_BLOCK_CAPTURE_AUTORELEASING = YES;
				CLANG_WARN_BOOL_CONVERSION = YES;
				CLANG_WARN_COMMA = YES;
				CLANG_WARN_CONSTANT_CONVERSION = YES;
				CLANG_WARN_DEPRECATED_OBJC_IMPLEMENTATIONS = YES;
				CLANG_WARN_DIRECT_OBJC_ISA_USAGE = YES_ERROR;
				CLANG_WARN_DOCUMENTATION_COMMENTS = YES;
				CLANG_WARN_EMPTY_BODY = YES;
				CLANG_WARN_ENUM_CONVERSION = YES;
				CLANG_WARN_INFINITE_RECURSION = YES;
				CLANG_WARN_INT_CONVERSION = YES;
				CLANG_WARN_NON_LITERAL_NULL_CONVERSION = YES;
				CLANG_WARN_OBJC_IMPLICIT_RETAIN_SELF = YES;
				CLANG_WARN_OBJC_LITERAL_CONVERSION = YES;
				CLANG_WARN_OBJC_ROOT_CLASS = YES_ERROR;
				CLANG_WARN_QUOTED_INCLUDE_IN_FRAMEWORK_HEADER = YES;
				CLANG_WARN_RANGE_LOOP_ANALYSIS = YES;
				CLANG_WARN_STRICT_PROTOTYPES = YES;
				CLANG_WARN_SUSPICIOUS_MOVE = YES;
				CLANG_WARN_UNGUARDED_AVAILABILITY = YES_AGGRESSIVE;
				CLANG_WARN_UNREACHABLE_CODE = YES;
				CLANG_WARN__DUPLICATE_METHOD_MATCH = YES;
				COPY_PHASE_STRIP = NO;
				DEBUG_INFORMATION_FORMAT = dwarf;
				ENABLE_STRICT_OBJC_MSGSEND = YES;
				ENABLE_TESTABILITY = YES;
				GCC_C_LANGUAGE_STANDARD = gnu11;
				GCC_DYNAMIC_NO_PIC = NO;
				GCC_NO_COMMON_BLOCKS = YES;
				GCC_OPTIMIZATION_LEVEL = 0;
				GCC_PREPROCESSOR_DEFINITIONS = (
					"DEBUG=1",
					"$(inherited)",
				);
				GCC_WARN_64_TO_32_BIT_CONVERSION = YES;
				GCC_WARN_ABOUT_RETURN_TYPE = YES_ERROR;
				GCC_WARN_UNDECLARED_SELECTOR = YES;
				GCC_WARN_UNINITIALIZED_AUTOS = YES_AGGRESSIVE;
				GCC_WARN_UNUSED_FUNCTION = YES;
				GCC_WARN_UNUSED_VARIABLE = YES;
				IPHONEOS_DEPLOYMENT_TARGET = 14.3;
				MTL_ENABLE_DEBUG_INFO = INCLUDE_SOURCE;
				MTL_FAST_MATH = YES;
				ONLY_ACTIVE_ARCH = YES;
				SDKROOT = iphoneos;
				SWIFT_ACTIVE_COMPILATION_CONDITIONS = DEBUG;
				SWIFT_OPTIMIZATION_LEVEL = "-Onone";
			};
			name = Debug;
		};
		1D3D27872597AE37009381D9 /* Release */ = {
			isa = XCBuildConfiguration;
			buildSettings = {
				ALWAYS_SEARCH_USER_PATHS = NO;
				CLANG_ANALYZER_NONNULL = YES;
				CLANG_ANALYZER_NUMBER_OBJECT_CONVERSION = YES_AGGRESSIVE;
				CLANG_CXX_LANGUAGE_STANDARD = "gnu++14";
				CLANG_CXX_LIBRARY = "libc++";
				CLANG_ENABLE_MODULES = YES;
				CLANG_ENABLE_OBJC_ARC = YES;
				CLANG_ENABLE_OBJC_WEAK = YES;
				CLANG_WARN_BLOCK_CAPTURE_AUTORELEASING = YES;
				CLANG_WARN_BOOL_CONVERSION = YES;
				CLANG_WARN_COMMA = YES;
				CLANG_WARN_CONSTANT_CONVERSION = YES;
				CLANG_WARN_DEPRECATED_OBJC_IMPLEMENTATIONS = YES;
				CLANG_WARN_DIRECT_OBJC_ISA_USAGE = YES_ERROR;
				CLANG_WARN_DOCUMENTATION_COMMENTS = YES;
				CLANG_WARN_EMPTY_BODY = YES;
				CLANG_WARN_ENUM_CONVERSION = YES;
				CLANG_WARN_INFINITE_RECURSION = YES;
				CLANG_WARN_INT_CONVERSION = YES;
				CLANG_WARN_NON_LITERAL_NULL_CONVERSION = YES;
				CLANG_WARN_OBJC_IMPLICIT_RETAIN_SELF = YES;
				CLANG_WARN_OBJC_LITERAL_CONVERSION = YES;
				CLANG_WARN_OBJC_ROOT_CLASS = YES_ERROR;
				CLANG_WARN_QUOTED_INCLUDE_IN_FRAMEWORK_HEADER = YES;
				CLANG_WARN_RANGE_LOOP_ANALYSIS = YES;
				CLANG_WARN_STRICT_PROTOTYPES = YES;
				CLANG_WARN_SUSPICIOUS_MOVE = YES;
				CLANG_WARN_UNGUARDED_AVAILABILITY = YES_AGGRESSIVE;
				CLANG_WARN_UNREACHABLE_CODE = YES;
				CLANG_WARN__DUPLICATE_METHOD_MATCH = YES;
				COPY_PHASE_STRIP = NO;
				DEBUG_INFORMATION_FORMAT = "dwarf-with-dsym";
				ENABLE_NS_ASSERTIONS = NO;
				ENABLE_STRICT_OBJC_MSGSEND = YES;
				GCC_C_LANGUAGE_STANDARD = gnu11;
				GCC_NO_COMMON_BLOCKS = YES;
				GCC_WARN_64_TO_32_BIT_CONVERSION = YES;
				GCC_WARN_ABOUT_RETURN_TYPE = YES_ERROR;
				GCC_WARN_UNDECLARED_SELECTOR = YES;
				GCC_WARN_UNINITIALIZED_AUTOS = YES_AGGRESSIVE;
				GCC_WARN_UNUSED_FUNCTION = YES;
				GCC_WARN_UNUSED_VARIABLE = YES;
				IPHONEOS_DEPLOYMENT_TARGET = 14.3;
				MTL_ENABLE_DEBUG_INFO = NO;
				MTL_FAST_MATH = YES;
				SDKROOT = iphoneos;
				SWIFT_COMPILATION_MODE = wholemodule;
				SWIFT_OPTIMIZATION_LEVEL = "-O";
				VALIDATE_PRODUCT = YES;
			};
			name = Release;
		};
		1D3D27892597AE37009381D9 /* Debug */ = {
			isa = XCBuildConfiguration;
			baseConfigurationReference = 98ECD19AED23EC3B31BB0760 /* Pods-Auto dz.debug.xcconfig */;
			buildSettings = {
				ASSETCATALOG_COMPILER_APPICON_NAME = AppIcon;
				ASSETCATALOG_COMPILER_GLOBAL_ACCENT_COLOR_NAME = AccentColor;
				CODE_SIGN_IDENTITY = "Apple Development";
				CODE_SIGN_STYLE = Automatic;
				DEVELOPMENT_TEAM = Q4L7V3Z7HY;
				INFOPLIST_FILE = "Auto dz/Info.plist";
				LD_RUNPATH_SEARCH_PATHS = (
					"$(inherited)",
					"@executable_path/Frameworks",
				);
				PRODUCT_BUNDLE_IDENTIFIER = "com.aissa.Auto-dz";
				PRODUCT_NAME = "$(TARGET_NAME)";
				PROVISIONING_PROFILE_SPECIFIER = "";
				SWIFT_VERSION = 5.0;
				TARGETED_DEVICE_FAMILY = "1,2";
			};
			name = Debug;
		};
		1D3D278A2597AE37009381D9 /* Release */ = {
			isa = XCBuildConfiguration;
			baseConfigurationReference = 33F5BE4C3AF4DF33C5E88ABB /* Pods-Auto dz.release.xcconfig */;
			buildSettings = {
				ASSETCATALOG_COMPILER_APPICON_NAME = AppIcon;
				ASSETCATALOG_COMPILER_GLOBAL_ACCENT_COLOR_NAME = AccentColor;
				CODE_SIGN_IDENTITY = "Apple Development";
				CODE_SIGN_STYLE = Automatic;
				DEVELOPMENT_TEAM = Q4L7V3Z7HY;
				INFOPLIST_FILE = "Auto dz/Info.plist";
				LD_RUNPATH_SEARCH_PATHS = (
					"$(inherited)",
					"@executable_path/Frameworks",
				);
				PRODUCT_BUNDLE_IDENTIFIER = "com.aissa.Auto-dz";
				PRODUCT_NAME = "$(TARGET_NAME)";
				PROVISIONING_PROFILE_SPECIFIER = "";
				SWIFT_VERSION = 5.0;
				TARGETED_DEVICE_FAMILY = "1,2";
			};
			name = Release;
		};
/* End XCBuildConfiguration section */

/* Begin XCConfigurationList section */
		1D3D276F2597AE34009381D9 /* Build configuration list for PBXProject "Auto dz" */ = {
			isa = XCConfigurationList;
			buildConfigurations = (
				1D3D27862597AE37009381D9 /* Debug */,
				1D3D27872597AE37009381D9 /* Release */,
			);
			defaultConfigurationIsVisible = 0;
			defaultConfigurationName = Release;
		};
		1D3D27882597AE37009381D9 /* Build configuration list for PBXNativeTarget "Auto dz" */ = {
			isa = XCConfigurationList;
			buildConfigurations = (
				1D3D27892597AE37009381D9 /* Debug */,
				1D3D278A2597AE37009381D9 /* Release */,
			);
			defaultConfigurationIsVisible = 0;
			defaultConfigurationName = Release;
		};
/* End XCConfigurationList section */
	};
	rootObject = 1D3D276C2597AE34009381D9 /* Project object */;
}
